// !$*UTF8*$!
{
	archiveVersion = 1;
	classes = {
	};
	objectVersion = 48;
	objects = {

/* Begin PBXBuildFile section */
		880272551FC2DCF500E35439 /* AppDelegate.swift in Sources */ = {isa = PBXBuildFile; fileRef = 880272541FC2DCF500E35439 /* AppDelegate.swift */; };
		880272571FC2DCF500E35439 /* ViewController.swift in Sources */ = {isa = PBXBuildFile; fileRef = 880272561FC2DCF500E35439 /* ViewController.swift */; };
		8802725A1FC2DCF500E35439 /* Main.storyboard in Resources */ = {isa = PBXBuildFile; fileRef = 880272581FC2DCF500E35439 /* Main.storyboard */; };
		8802725D1FC2DCF500E35439 /* AprilTest2.xcdatamodeld in Sources */ = {isa = PBXBuildFile; fileRef = 8802725B1FC2DCF500E35439 /* AprilTest2.xcdatamodeld */; };
		8802725F1FC2DCF500E35439 /* Assets.xcassets in Resources */ = {isa = PBXBuildFile; fileRef = 8802725E1FC2DCF500E35439 /* Assets.xcassets */; };
		880272621FC2DCF500E35439 /* LaunchScreen.storyboard in Resources */ = {isa = PBXBuildFile; fileRef = 880272601FC2DCF500E35439 /* LaunchScreen.storyboard */; };
/* End PBXBuildFile section */

/* Begin PBXFileReference section */
		880272511FC2DCF500E35439 /* AprilTest2.app */ = {isa = PBXFileReference; explicitFileType = wrapper.application; includeInIndex = 0; path = AprilTest2.app; sourceTree = BUILT_PRODUCTS_DIR; };
		880272541FC2DCF500E35439 /* AppDelegate.swift */ = {isa = PBXFileReference; lastKnownFileType = sourcecode.swift; path = AppDelegate.swift; sourceTree = "<group>"; };
		880272561FC2DCF500E35439 /* ViewController.swift */ = {isa = PBXFileReference; lastKnownFileType = sourcecode.swift; path = ViewController.swift; sourceTree = "<group>"; };
		880272591FC2DCF500E35439 /* Base */ = {isa = PBXFileReference; lastKnownFileType = file.storyboard; name = Base; path = Base.lproj/Main.storyboard; sourceTree = "<group>"; };
		8802725C1FC2DCF500E35439 /* AprilTest2.xcdatamodel */ = {isa = PBXFileReference; lastKnownFileType = wrapper.xcdatamodel; path = AprilTest2.xcdatamodel; sourceTree = "<group>"; };
		8802725E1FC2DCF500E35439 /* Assets.xcassets */ = {isa = PBXFileReference; lastKnownFileType = folder.assetcatalog; path = Assets.xcassets; sourceTree = "<group>"; };
		880272611FC2DCF500E35439 /* Base */ = {isa = PBXFileReference; lastKnownFileType = file.storyboard; name = Base; path = Base.lproj/LaunchScreen.storyboard; sourceTree = "<group>"; };
		880272631FC2DCF500E35439 /* Info.plist */ = {isa = PBXFileReference; lastKnownFileType = text.plist.xml; path = Info.plist; sourceTree = "<group>"; };
/* End PBXFileReference section */

/* Begin PBXFrameworksBuildPhase section */
		8802724E1FC2DCF500E35439 /* Frameworks */ = {
			isa = PBXFrameworksBuildPhase;
			buildActionMask = 2147483647;
			files = (
			);
			runOnlyForDeploymentPostprocessing = 0;
		};
/* End PBXFrameworksBuildPhase section */

/* Begin PBXGroup section */
		880272481FC2DCF500E35439 = {
			isa = PBXGroup;
			children = (
				880272531FC2DCF500E35439 /* AprilTest2 */,
				880272521FC2DCF500E35439 /* Products */,
			);
			sourceTree = "<group>";
		};
		880272521FC2DCF500E35439 /* Products */ = {
			isa = PBXGroup;
			children = (
				880272511FC2DCF500E35439 /* AprilTest2.app */,
			);
			name = Products;
			sourceTree = "<group>";
		};
		880272531FC2DCF500E35439 /* AprilTest2 */ = {
			isa = PBXGroup;
			children = (
				880272541FC2DCF500E35439 /* AppDelegate.swift */,
				880272561FC2DCF500E35439 /* ViewController.swift */,
				880272581FC2DCF500E35439 /* Main.storyboard */,
				8802725E1FC2DCF500E35439 /* Assets.xcassets */,
				880272601FC2DCF500E35439 /* LaunchScreen.storyboard */,
				880272631FC2DCF500E35439 /* Info.plist */,
				8802725B1FC2DCF500E35439 /* AprilTest2.xcdatamodeld */,
			);
			path = AprilTest2;
			sourceTree = "<group>";
		};
/* End PBXGroup section */

/* Begin PBXNativeTarget section */
		880272501FC2DCF500E35439 /* AprilTest2 */ = {
			isa = PBXNativeTarget;
			buildConfigurationList = 880272661FC2DCF500E35439 /* Build configuration list for PBXNativeTarget "AprilTest2" */;
			buildPhases = (
				8802724D1FC2DCF500E35439 /* Sources */,
				8802724E1FC2DCF500E35439 /* Frameworks */,
				8802724F1FC2DCF500E35439 /* Resources */,
			);
			buildRules = (
			);
			dependencies = (
			);
			name = AprilTest2;
			productName = AprilTest2;
			productReference = 880272511FC2DCF500E35439 /* AprilTest2.app */;
			productType = "com.apple.product-type.application";
		};
/* End PBXNativeTarget section */

/* Begin PBXProject section */
		880272491FC2DCF500E35439 /* Project object */ = {
			isa = PBXProject;
			attributes = {
				LastSwiftUpdateCheck = 0910;
				LastUpgradeCheck = 0910;
				ORGANIZATIONNAME = INDRESH;
				TargetAttributes = {
					880272501FC2DCF500E35439 = {
						CreatedOnToolsVersion = 9.1;
						ProvisioningStyle = Automatic;
					};
				};
			};
			buildConfigurationList = 8802724C1FC2DCF500E35439 /* Build configuration list for PBXProject "AprilTest2" */;
			compatibilityVersion = "Xcode 8.0";
			developmentRegion = en;
			hasScannedForEncodings = 0;
			knownRegions = (
				en,
				Base,
			);
			mainGroup = 880272481FC2DCF500E35439;
			productRefGroup = 880272521FC2DCF500E35439 /* Products */;
			projectDirPath = "";
			projectRoot = "";
			targets = (
				880272501FC2DCF500E35439 /* AprilTest2 */,
			);
		};
/* End PBXProject section */

/* Begin PBXResourcesBuildPhase section */
		8802724F1FC2DCF500E35439 /* Resources */ = {
			isa = PBXResourcesBuildPhase;
			buildActionMask = 2147483647;
			files = (
				880272621FC2DCF500E35439 /* LaunchScreen.storyboard in Resources */,
				8802725F1FC2DCF500E35439 /* Assets.xcassets in Resources */,
				8802725A1FC2DCF500E35439 /* Main.storyboard in Resources */,
			);
			runOnlyForDeploymentPostprocessing = 0;
		};
/* End PBXResourcesBuildPhase section */

/* Begin PBXSourcesBuildPhase section */
		8802724D1FC2DCF500E35439 /* Sources */ = {
			isa = PBXSourcesBuildPhase;
			buildActionMask = 2147483647;
			files = (
				8802725D1FC2DCF500E35439 /* AprilTest2.xcdatamodeld in Sources */,
				880272571FC2DCF500E35439 /* ViewController.swift in Sources */,
				880272551FC2DCF500E35439 /* AppDelegate.swift in Sources */,
			);
			runOnlyForDeploymentPostprocessing = 0;
		};
/* End PBXSourcesBuildPhase section */

/* Begin PBXVariantGroup section */
		880272581FC2DCF500E35439 /* Main.storyboard */ = {
			isa = PBXVariantGroup;
			children = (
				880272591FC2DCF500E35439 /* Base */,
			);
			name = Main.storyboard;
			sourceTree = "<group>";
		};
		880272601FC2DCF500E35439 /* LaunchScreen.storyboard */ = {
			isa = PBXVariantGroup;
			children = (
				880272611FC2DCF500E35439 /* Base */,
			);
			name = LaunchScreen.storyboard;
			sourceTree = "<group>";
		};
/* End PBXVariantGroup section */

/* Begin XCBuildConfiguration section */
		880272641FC2DCF500E35439 /* Debug */ = {
			isa = XCBuildConfiguration;
			buildSettings = {
				ALWAYS_SEARCH_USER_PATHS = NO;
				CLANG_ANALYZER_NONNULL = YES;
				CLANG_ANALYZER_NUMBER_OBJECT_CONVERSION = YES_AGGRESSIVE;
				CLANG_CXX_LANGUAGE_STANDARD = "gnu++14";
				CLANG_CXX_LIBRARY = "libc++";
				CLANG_ENABLE_MODULES = YES;
				CLANG_ENABLE_OBJC_ARC = YES;
				CLANG_WARN_BLOCK_CAPTURE_AUTORELEASING = YES;
				CLANG_WARN_BOOL_CONVERSION = YES;
				CLANG_WARN_COMMA = YES;
				CLANG_WARN_CONSTANT_CONVERSION = YES;
				CLANG_WARN_DIRECT_OBJC_ISA_USAGE = YES_ERROR;
				CLANG_WARN_DOCUMENTATION_COMMENTS = YES;
				CLANG_WARN_EMPTY_BODY = YES;
				CLANG_WARN_ENUM_CONVERSION = YES;
				CLANG_WARN_INFINITE_RECURSION = YES;
				CLANG_WARN_INT_CONVERSION = YES;
				CLANG_WARN_NON_LITERAL_NULL_CONVERSION = YES;
				CLANG_WARN_OBJC_LITERAL_CONVERSION = YES;
				CLANG_WARN_OBJC_ROOT_CLASS = YES_ERROR;
				CLANG_WARN_RANGE_LOOP_ANALYSIS = YES;
				CLANG_WARN_STRICT_PROTOTYPES = YES;
				CLANG_WARN_SUSPICIOUS_MOVE = YES;
				CLANG_WARN_UNGUARDED_AVAILABILITY = YES_AGGRESSIVE;
				CLANG_WARN_UNREACHABLE_CODE = YES;
				CLANG_WARN__DUPLICATE_METHOD_MATCH = YES;
				CODE_SIGN_IDENTITY = "iPhone Developer";
				COPY_PHASE_STRIP = NO;
				DEBUG_INFORMATION_FORMAT = dwarf;
				ENABLE_STRICT_OBJC_MSGSEND = YES;
				ENABLE_TESTABILITY = YES;
				GCC_C_LANGUAGE_STANDARD = gnu11;
				GCC_DYNAMIC_NO_PIC = NO;
				GCC_NO_COMMON_BLOCKS = YES;
				GCC_OPTIMIZATION_LEVEL = 0;
				GCC_PREPROCESSOR_DEFINITIONS = (
					"DEBUG=1",
					"$(inherited)",
				);
				GCC_WARN_64_TO_32_BIT_CONVERSION = YES;
				GCC_WARN_ABOUT_RETURN_TYPE = YES_ERROR;
				GCC_WARN_UNDECLARED_SELECTOR = YES;
				GCC_WARN_UNINITIALIZED_AUTOS = YES_AGGRESSIVE;
				GCC_WARN_UNUSED_FUNCTION = YES;
				GCC_WARN_UNUSED_VARIABLE = YES;
				IPHONEOS_DEPLOYMENT_TARGET = 11.1;
				MTL_ENABLE_DEBUG_INFO = YES;
				ONLY_ACTIVE_ARCH = YES;
				SDKROOT = iphoneos;
				SWIFT_ACTIVE_COMPILATION_CONDITIONS = DEBUG;
				SWIFT_OPTIMIZATION_LEVEL = "-Onone";
			};
			name = Debug;
		};
		880272651FC2DCF500E35439 /* Release */ = {
			isa = XCBuildConfiguration;
			buildSettings = {
				ALWAYS_SEARCH_USER_PATHS = NO;
				CLANG_ANALYZER_NONNULL = YES;
				CLANG_ANALYZER_NUMBER_OBJECT_CONVERSION = YES_AGGRESSIVE;
				CLANG_CXX_LANGUAGE_STANDARD = "gnu++14";
				CLANG_CXX_LIBRARY = "libc++";
				CLANG_ENABLE_MODULES = YES;
				CLANG_ENABLE_OBJC_ARC = YES;
				CLANG_WARN_BLOCK_CAPTURE_AUTORELEASING = YES;
				CLANG_WARN_BOOL_CONVERSION = YES;
				CLANG_WARN_COMMA = YES;
				CLANG_WARN_CONSTANT_CONVERSION = YES;
				CLANG_WARN_DIRECT_OBJC_ISA_USAGE = YES_ERROR;
				CLANG_WARN_DOCUMENTATION_COMMENTS = YES;
				CLANG_WARN_EMPTY_BODY = YES;
				CLANG_WARN_ENUM_CONVERSION = YES;
				CLANG_WARN_INFINITE_RECURSION = YES;
				CLANG_WARN_INT_CONVERSION = YES;
				CLANG_WARN_NON_LITERAL_NULL_CONVERSION = YES;
				CLANG_WARN_OBJC_LITERAL_CONVERSION = YES;
				CLANG_WARN_OBJC_ROOT_CLASS = YES_ERROR;
				CLANG_WARN_RANGE_LOOP_ANALYSIS = YES;
				CLANG_WARN_STRICT_PROTOTYPES = YES;
				CLANG_WARN_SUSPICIOUS_MOVE = YES;
				CLANG_WARN_UNGUARDED_AVAILABILITY = YES_AGGRESSIVE;
				CLANG_WARN_UNREACHABLE_CODE = YES;
				CLANG_WARN__DUPLICATE_METHOD_MATCH = YES;
				CODE_SIGN_IDENTITY = "iPhone Developer";
				COPY_PHASE_STRIP = NO;
				DEBUG_INFORMATION_FORMAT = "dwarf-with-dsym";
				ENABLE_NS_ASSERTIONS = NO;
				ENABLE_STRICT_OBJC_MSGSEND = YES;
				GCC_C_LANGUAGE_STANDARD = gnu11;
				GCC_NO_COMMON_BLOCKS = YES;
				GCC_WARN_64_TO_32_BIT_CONVERSION = YES;
				GCC_WARN_ABOUT_RETURN_TYPE = YES_ERROR;
				GCC_WARN_UNDECLARED_SELECTOR = YES;
				GCC_WARN_UNINITIALIZED_AUTOS = YES_AGGRESSIVE;
				GCC_WARN_UNUSED_FUNCTION = YES;
				GCC_WARN_UNUSED_VARIABLE = YES;
				IPHONEOS_DEPLOYMENT_TARGET = 11.1;
				MTL_ENABLE_DEBUG_INFO = NO;
				SDKROOT = iphoneos;
				SWIFT_OPTIMIZATION_LEVEL = "-Owholemodule";
				VALIDATE_PRODUCT = YES;
			};
			name = Release;
		};
		880272671FC2DCF500E35439 /* Debug */ = {
			isa = XCBuildConfiguration;
			buildSettings = {
				ASSETCATALOG_COMPILER_APPICON_NAME = AppIcon;
				CODE_SIGN_STYLE = Automatic;
				INFOPLIST_FILE = AprilTest2/Info.plist;
				LD_RUNPATH_SEARCH_PATHS = "$(inherited) @executable_path/Frameworks";
				PRODUCT_BUNDLE_IDENTIFIER = aprilInovations.AprilTest2;
				PRODUCT_NAME = "$(TARGET_NAME)";
				SWIFT_VERSION = 4.0;
				TARGETED_DEVICE_FAMILY = "1,2";
			};
			name = Debug;
		};
		880272681FC2DCF500E35439 /* Release */ = {
			isa = XCBuildConfiguration;
			buildSettings = {
				ASSETCATALOG_COMPILER_APPICON_NAME = AppIcon;
				CODE_SIGN_STYLE = Automatic;
				INFOPLIST_FILE = AprilTest2/Info.plist;
				LD_RUNPATH_SEARCH_PATHS = "$(inherited) @executable_path/Frameworks";
				PRODUCT_BUNDLE_IDENTIFIER = aprilInovations.AprilTest2;
				PRODUCT_NAME = "$(TARGET_NAME)";
				SWIFT_VERSION = 4.0;
				TARGETED_DEVICE_FAMILY = "1,2";
			};
			name = Release;
		};
/* End XCBuildConfiguration section */

/* Begin XCConfigurationList section */
		8802724C1FC2DCF500E35439 /* Build configuration list for PBXProject "AprilTest2" */ = {
			isa = XCConfigurationList;
			buildConfigurations = (
				880272641FC2DCF500E35439 /* Debug */,
				880272651FC2DCF500E35439 /* Release */,
			);
			defaultConfigurationIsVisible = 0;
			defaultConfigurationName = Release;
		};
		880272661FC2DCF500E35439 /* Build configuration list for PBXNativeTarget "AprilTest2" */ = {
			isa = XCConfigurationList;
			buildConfigurations = (
				880272671FC2DCF500E35439 /* Debug */,
				880272681FC2DCF500E35439 /* Release */,
			);
			defaultConfigurationIsVisible = 0;
			defaultConfigurationName = Release;
		};
/* End XCConfigurationList section */

/* Begin XCVersionGroup section */
		8802725B1FC2DCF500E35439 /* AprilTest2.xcdatamodeld */ = {
			isa = XCVersionGroup;
			children = (
				8802725C1FC2DCF500E35439 /* AprilTest2.xcdatamodel */,
			);
			currentVersion = 8802725C1FC2DCF500E35439 /* AprilTest2.xcdatamodel */;
			path = AprilTest2.xcdatamodeld;
			sourceTree = "<group>";
			versionGroupType = wrapper.xcdatamodel;
		};
/* End XCVersionGroup section */
	};
	rootObject = 880272491FC2DCF500E35439 /* Project object */;
}
